
Microsoft Visual Studio Solution File, Format Version 12.00
# Visual Studio Version 17
VisualStudioVersion = 17.8.34525.116
MinimumVisualStudioVersion = 10.0.40219.1
Project("{FAE04EC0-301F-11D3-BF4B-00C04F79EFBC}") = "Consolisalario", "Consolisalario\Consolisalario.csproj", "{28F76420-B52D-4CB9-AA58-18E38B0C54FD}"
EndProject
Global
	GlobalSection(SolutionConfigurationPlatforms) = preSolution
		Debug|Any CPU = Debug|Any CPU
		Release|Any CPU = Release|Any CPU
	EndGlobalSection
	GlobalSection(ProjectConfigurationPlatforms) = postSolution
		{28F76420-B52D-4CB9-AA58-18E38B0C54FD}.Debug|Any CPU.ActiveCfg = Debug|Any CPU
		{28F76420-B52D-4CB9-AA58-18E38B0C54FD}.Debug|Any CPU.Build.0 = Debug|Any CPU
		{28F76420-B52D-4CB9-AA58-18E38B0C54FD}.Release|Any CPU.ActiveCfg = Release|Any CPU
		{28F76420-B52D-4CB9-AA58-18E38B0C54FD}.Release|Any CPU.Build.0 = Release|Any CPU
	EndGlobalSection
	GlobalSection(SolutionProperties) = preSolution
		HideSolutionNode = FALSE
	EndGlobalSection
	GlobalSection(ExtensibilityGlobals) = postSolution
		SolutionGuid = {951658FB-D1B1-4E7A-B910-7839717F1B19}
	EndGlobalSection
EndGlobal
